
Microsoft Visual Studio Solution File, Format Version 12.00
# Visual Studio 2013
VisualStudioVersion = 12.0.40629.0
MinimumVisualStudioVersion = 10.0.40219.1
Project("{FAE04EC0-301F-11D3-BF4B-00C04F79EFBC}") = "CsvViewer", "CsvViewer\CsvViewer.csproj", "{84023668-20D7-4E6F-923C-DC4A360E08FA}"
EndProject
Project("{FAE04EC0-301F-11D3-BF4B-00C04F79EFBC}") = "CsvViewer.Test", "CsvViewer.Test\CsvViewer.Test.csproj", "{B5B6D598-EBD6-4A46-893F-877661585535}"
EndProject
Global
	GlobalSection(SolutionConfigurationPlatforms) = preSolution
		Debug|Any CPU = Debug|Any CPU
		Release|Any CPU = Release|Any CPU
	EndGlobalSection
	GlobalSection(ProjectConfigurationPlatforms) = postSolution
		{84023668-20D7-4E6F-923C-DC4A360E08FA}.Debug|Any CPU.ActiveCfg = Debug|Any CPU
		{84023668-20D7-4E6F-923C-DC4A360E08FA}.Debug|Any CPU.Build.0 = Debug|Any CPU
		{84023668-20D7-4E6F-923C-DC4A360E08FA}.Release|Any CPU.ActiveCfg = Release|Any CPU
		{84023668-20D7-4E6F-923C-DC4A360E08FA}.Release|Any CPU.Build.0 = Release|Any CPU
		{B5B6D598-EBD6-4A46-893F-877661585535}.Debug|Any CPU.ActiveCfg = Debug|Any CPU
		{B5B6D598-EBD6-4A46-893F-877661585535}.Debug|Any CPU.Build.0 = Debug|Any CPU
		{B5B6D598-EBD6-4A46-893F-877661585535}.Release|Any CPU.ActiveCfg = Release|Any CPU
		{B5B6D598-EBD6-4A46-893F-877661585535}.Release|Any CPU.Build.0 = Release|Any CPU
	EndGlobalSection
	GlobalSection(SolutionProperties) = preSolution
		HideSolutionNode = FALSE
	EndGlobalSection
EndGlobal
